
Microsoft Visual Studio Solution File, Format Version 12.00
# Visual Studio 2013
VisualStudioVersion = 12.0.31101.0
MinimumVisualStudioVersion = 10.0.40219.1
Project("{2150E333-8FDC-42A3-9474-1A3956D46DE8}") = "browser", "browser", "{93186A12-6694-412F-B6F0-25C8092A9213}"
EndProject
Project("{2150E333-8FDC-42A3-9474-1A3956D46DE8}") = "connect", "connect", "{F6961BFE-7CA6-4D77-8D40-F7E84869DDB3}"
EndProject
Project("{FAE04EC0-301F-11D3-BF4B-00C04F79EFBC}") = "WinFormUI", "WinFormUI\WinFormUI.csproj", "{3FA16F4C-21C1-414F-96DB-694D693C9821}"
EndProject
Project("{FAE04EC0-301F-11D3-BF4B-00C04F79EFBC}") = "Model", "Model\Model.csproj", "{714905C1-688E-4C6F-8134-9D54AA21FC30}"
EndProject
Project("{FAE04EC0-301F-11D3-BF4B-00C04F79EFBC}") = "WebBrowser", "WebBrowser\WebBrowser.csproj", "{410DD294-FFB5-40FD-B589-8CB576D55EC6}"
EndProject
Project("{FAE04EC0-301F-11D3-BF4B-00C04F79EFBC}") = "Fabrics", "Fabrics\Fabrics.csproj", "{BCC9DBBB-29BE-4018-B676-84A6CA2A06D8}"
EndProject
Project("{FAE04EC0-301F-11D3-BF4B-00C04F79EFBC}") = "DBUtility", "DBUtility\DBUtility.csproj", "{B55FC860-E0BC-493D-A3A9-89127B0CF7BB}"
EndProject
Project("{FAE04EC0-301F-11D3-BF4B-00C04F79EFBC}") = "DbConnections", "DbConnections\DbConnections.csproj", "{1ED4CE10-C5F3-4AF1-BB1F-A1005BAE1DAF}"
EndProject
Project("{FAE04EC0-301F-11D3-BF4B-00C04F79EFBC}") = "BrowseHelper", "BrowseHelper\BrowseHelper.csproj", "{A5767BEF-24F9-428F-9A1F-4E86AFDC647E}"
EndProject
Project("{FAE04EC0-301F-11D3-BF4B-00C04F79EFBC}") = "Generator", "Generator\Generator.csproj", "{B8134248-0DFF-4560-A979-7CDCE60F0054}"
EndProject
Project("{FAE04EC0-301F-11D3-BF4B-00C04F79EFBC}") = "ConvertCSharp2VB", "ConvertCSharp2VB\ConvertCSharp2VB.csproj", "{D913BBCE-A32C-46CA-9C8A-22F66B096DC9}"
EndProject
Project("{FAE04EC0-301F-11D3-BF4B-00C04F79EFBC}") = "WeifenLuo.WinFormsUI.Docking", "WeifenLuo.WinFormsUI.Docking\WeifenLuo.WinFormsUI.Docking.csproj", "{4DD6847A-0F22-402A-A852-87B5A548DDFB}"
EndProject
Global
	GlobalSection(SolutionConfigurationPlatforms) = preSolution
		Debug|Any CPU = Debug|Any CPU
		Debug|x86 = Debug|x86
		Release|Any CPU = Release|Any CPU
		Release|x86 = Release|x86
	EndGlobalSection
	GlobalSection(ProjectConfigurationPlatforms) = postSolution
		{3FA16F4C-21C1-414F-96DB-694D693C9821}.Debug|Any CPU.ActiveCfg = Debug|x86
		{3FA16F4C-21C1-414F-96DB-694D693C9821}.Debug|Any CPU.Build.0 = Debug|x86
		{3FA16F4C-21C1-414F-96DB-694D693C9821}.Debug|x86.ActiveCfg = Debug|x86
		{3FA16F4C-21C1-414F-96DB-694D693C9821}.Debug|x86.Build.0 = Debug|x86
		{3FA16F4C-21C1-414F-96DB-694D693C9821}.Release|Any CPU.ActiveCfg = Release|Any CPU
		{3FA16F4C-21C1-414F-96DB-694D693C9821}.Release|Any CPU.Build.0 = Release|Any CPU
		{3FA16F4C-21C1-414F-96DB-694D693C9821}.Release|x86.ActiveCfg = Release|x86
		{3FA16F4C-21C1-414F-96DB-694D693C9821}.Release|x86.Build.0 = Release|x86
		{714905C1-688E-4C6F-8134-9D54AA21FC30}.Debug|Any CPU.ActiveCfg = Debug|x86
		{714905C1-688E-4C6F-8134-9D54AA21FC30}.Debug|Any CPU.Build.0 = Debug|x86
		{714905C1-688E-4C6F-8134-9D54AA21FC30}.Debug|x86.ActiveCfg = Debug|x86
		{714905C1-688E-4C6F-8134-9D54AA21FC30}.Debug|x86.Build.0 = Debug|x86
		{714905C1-688E-4C6F-8134-9D54AA21FC30}.Release|Any CPU.ActiveCfg = Release|Any CPU
		{714905C1-688E-4C6F-8134-9D54AA21FC30}.Release|Any CPU.Build.0 = Release|Any CPU
		{714905C1-688E-4C6F-8134-9D54AA21FC30}.Release|x86.ActiveCfg = Release|x86
		{714905C1-688E-4C6F-8134-9D54AA21FC30}.Release|x86.Build.0 = Release|x86
		{410DD294-FFB5-40FD-B589-8CB576D55EC6}.Debug|Any CPU.ActiveCfg = Debug|x86
		{410DD294-FFB5-40FD-B589-8CB576D55EC6}.Debug|Any CPU.Build.0 = Debug|x86
		{410DD294-FFB5-40FD-B589-8CB576D55EC6}.Debug|x86.ActiveCfg = Debug|x86
		{410DD294-FFB5-40FD-B589-8CB576D55EC6}.Debug|x86.Build.0 = Debug|x86
		{410DD294-FFB5-40FD-B589-8CB576D55EC6}.Release|Any CPU.ActiveCfg = Release|Any CPU
		{410DD294-FFB5-40FD-B589-8CB576D55EC6}.Release|Any CPU.Build.0 = Release|Any CPU
		{410DD294-FFB5-40FD-B589-8CB576D55EC6}.Release|x86.ActiveCfg = Release|x86
		{410DD294-FFB5-40FD-B589-8CB576D55EC6}.Release|x86.Build.0 = Release|x86
		{BCC9DBBB-29BE-4018-B676-84A6CA2A06D8}.Debug|Any CPU.ActiveCfg = Debug|x86
		{BCC9DBBB-29BE-4018-B676-84A6CA2A06D8}.Debug|Any CPU.Build.0 = Debug|x86
		{BCC9DBBB-29BE-4018-B676-84A6CA2A06D8}.Debug|x86.ActiveCfg = Debug|x86
		{BCC9DBBB-29BE-4018-B676-84A6CA2A06D8}.Debug|x86.Build.0 = Debug|x86
		{BCC9DBBB-29BE-4018-B676-84A6CA2A06D8}.Release|Any CPU.ActiveCfg = Release|Any CPU
		{BCC9DBBB-29BE-4018-B676-84A6CA2A06D8}.Release|Any CPU.Build.0 = Release|Any CPU
		{BCC9DBBB-29BE-4018-B676-84A6CA2A06D8}.Release|x86.ActiveCfg = Release|x86
		{BCC9DBBB-29BE-4018-B676-84A6CA2A06D8}.Release|x86.Build.0 = Release|x86
		{B55FC860-E0BC-493D-A3A9-89127B0CF7BB}.Debug|Any CPU.ActiveCfg = Debug|x86
		{B55FC860-E0BC-493D-A3A9-89127B0CF7BB}.Debug|Any CPU.Build.0 = Debug|x86
		{B55FC860-E0BC-493D-A3A9-89127B0CF7BB}.Debug|x86.ActiveCfg = Debug|x86
		{B55FC860-E0BC-493D-A3A9-89127B0CF7BB}.Debug|x86.Build.0 = Debug|x86
		{B55FC860-E0BC-493D-A3A9-89127B0CF7BB}.Release|Any CPU.ActiveCfg = Release|Any CPU
		{B55FC860-E0BC-493D-A3A9-89127B0CF7BB}.Release|Any CPU.Build.0 = Release|Any CPU
		{B55FC860-E0BC-493D-A3A9-89127B0CF7BB}.Release|x86.ActiveCfg = Release|x86
		{B55FC860-E0BC-493D-A3A9-89127B0CF7BB}.Release|x86.Build.0 = Release|x86
		{1ED4CE10-C5F3-4AF1-BB1F-A1005BAE1DAF}.Debug|Any CPU.ActiveCfg = Debug|x86
		{1ED4CE10-C5F3-4AF1-BB1F-A1005BAE1DAF}.Debug|Any CPU.Build.0 = Debug|x86
		{1ED4CE10-C5F3-4AF1-BB1F-A1005BAE1DAF}.Debug|x86.ActiveCfg = Debug|x86
		{1ED4CE10-C5F3-4AF1-BB1F-A1005BAE1DAF}.Debug|x86.Build.0 = Debug|x86
		{1ED4CE10-C5F3-4AF1-BB1F-A1005BAE1DAF}.Release|Any CPU.ActiveCfg = Release|Any CPU
		{1ED4CE10-C5F3-4AF1-BB1F-A1005BAE1DAF}.Release|Any CPU.Build.0 = Release|Any CPU
		{1ED4CE10-C5F3-4AF1-BB1F-A1005BAE1DAF}.Release|x86.ActiveCfg = Release|x86
		{1ED4CE10-C5F3-4AF1-BB1F-A1005BAE1DAF}.Release|x86.Build.0 = Release|x86
		{A5767BEF-24F9-428F-9A1F-4E86AFDC647E}.Debug|Any CPU.ActiveCfg = Debug|x86
		{A5767BEF-24F9-428F-9A1F-4E86AFDC647E}.Debug|Any CPU.Build.0 = Debug|x86
		{A5767BEF-24F9-428F-9A1F-4E86AFDC647E}.Debug|x86.ActiveCfg = Debug|x86
		{A5767BEF-24F9-428F-9A1F-4E86AFDC647E}.Debug|x86.Build.0 = Debug|x86
		{A5767BEF-24F9-428F-9A1F-4E86AFDC647E}.Release|Any CPU.ActiveCfg = Release|Any CPU
		{A5767BEF-24F9-428F-9A1F-4E86AFDC647E}.Release|Any CPU.Build.0 = Release|Any CPU
		{A5767BEF-24F9-428F-9A1F-4E86AFDC647E}.Release|x86.ActiveCfg = Release|x86
		{A5767BEF-24F9-428F-9A1F-4E86AFDC647E}.Release|x86.Build.0 = Release|x86
		{B8134248-0DFF-4560-A979-7CDCE60F0054}.Debug|Any CPU.ActiveCfg = Debug|x86
		{B8134248-0DFF-4560-A979-7CDCE60F0054}.Debug|Any CPU.Build.0 = Debug|x86
		{B8134248-0DFF-4560-A979-7CDCE60F0054}.Debug|x86.ActiveCfg = Debug|x86
		{B8134248-0DFF-4560-A979-7CDCE60F0054}.Debug|x86.Build.0 = Debug|x86
		{B8134248-0DFF-4560-A979-7CDCE60F0054}.Release|Any CPU.ActiveCfg = Release|Any CPU
		{B8134248-0DFF-4560-A979-7CDCE60F0054}.Release|Any CPU.Build.0 = Release|Any CPU
		{B8134248-0DFF-4560-A979-7CDCE60F0054}.Release|x86.ActiveCfg = Release|Any CPU
		{D913BBCE-A32C-46CA-9C8A-22F66B096DC9}.Debug|Any CPU.ActiveCfg = Debug|x86
		{D913BBCE-A32C-46CA-9C8A-22F66B096DC9}.Debug|Any CPU.Build.0 = Debug|x86
		{D913BBCE-A32C-46CA-9C8A-22F66B096DC9}.Debug|x86.ActiveCfg = Debug|x86
		{D913BBCE-A32C-46CA-9C8A-22F66B096DC9}.Release|Any CPU.ActiveCfg = Release|Any CPU
		{D913BBCE-A32C-46CA-9C8A-22F66B096DC9}.Release|Any CPU.Build.0 = Release|Any CPU
		{D913BBCE-A32C-46CA-9C8A-22F66B096DC9}.Release|x86.ActiveCfg = Release|Any CPU
		{4DD6847A-0F22-402A-A852-87B5A548DDFB}.Debug|Any CPU.ActiveCfg = Debug|Any CPU
		{4DD6847A-0F22-402A-A852-87B5A548DDFB}.Debug|Any CPU.Build.0 = Debug|Any CPU
		{4DD6847A-0F22-402A-A852-87B5A548DDFB}.Debug|x86.ActiveCfg = Debug|Any CPU
		{4DD6847A-0F22-402A-A852-87B5A548DDFB}.Release|Any CPU.ActiveCfg = Release|Any CPU
		{4DD6847A-0F22-402A-A852-87B5A548DDFB}.Release|Any CPU.Build.0 = Release|Any CPU
		{4DD6847A-0F22-402A-A852-87B5A548DDFB}.Release|x86.ActiveCfg = Release|Any CPU
	EndGlobalSection
	GlobalSection(SolutionProperties) = preSolution
		HideSolutionNode = FALSE
	EndGlobalSection
	GlobalSection(NestedProjects) = preSolution
		{410DD294-FFB5-40FD-B589-8CB576D55EC6} = {93186A12-6694-412F-B6F0-25C8092A9213}
		{BCC9DBBB-29BE-4018-B676-84A6CA2A06D8} = {F6961BFE-7CA6-4D77-8D40-F7E84869DDB3}
		{B55FC860-E0BC-493D-A3A9-89127B0CF7BB} = {F6961BFE-7CA6-4D77-8D40-F7E84869DDB3}
		{1ED4CE10-C5F3-4AF1-BB1F-A1005BAE1DAF} = {F6961BFE-7CA6-4D77-8D40-F7E84869DDB3}
		{A5767BEF-24F9-428F-9A1F-4E86AFDC647E} = {93186A12-6694-412F-B6F0-25C8092A9213}
	EndGlobalSection
EndGlobal
